bc93459f8993f1ee5b90ff6a8d2b30ed643d36caf97bba2665a02b2a7b902e12 @@//manual_analysis/example:ma_cc_dep
aed662b19c8f01b05b881f64b79965bd2327cd62432177845b30412479332695 @@//manual_analysis/example:ma_cc_root
c1b509770ac4e41a9f3176336d700b1108e8b3888da4607d1de8341db9d63207 manual_analysis/example/analysis.yaml
02d053dbcd4784fab50cba131ff592e52fca5c4ebab529b3498b43b5f0434ef5 manual_analysis/example/context_a.txt
6fe92d4a7ec33cc1a2b01f3ddc16381cb394167ce040dbaf6629a2d1d0f409fc manual_analysis/example/context_b.txt
bddd95abb05c703cdaf26ac80f839e28f8be2c6c08773233d07ae0999f969d46 manual_analysis/example/ma_cc_dep.cc
d88dbe63f15ef054cff13e2b6998eca02c1dae24d144377f21187caefadc2363 manual_analysis/example/ma_cc_dep.h
dcd08b27459e4068da1a44f5b41d9ebc116ef455c96579a3e0dd34b3c0ec946f manual_analysis/example/ma_cc_root.cc
9f7ca46dfcda889c60587fdd8920bd3a9040d7ac3cc940a540c571c832b4f00c manual_analysis/example/ma_cc_root.h
3ac216af43af35cd100755eaf9539a57c12ac2a21d5494f7bc72d7ae7bcb2f52 manual_analysis/example/results.json
