bc93459f8993f1ee5b90ff6a8d2b30ed643d36caf97bba2665a02b2a7b902e12 @@//manual_analysis/example:ma_cc_dep
aed662b19c8f01b05b881f64b79965bd2327cd62432177845b30412479332695 @@//manual_analysis/example:ma_cc_root
c5a6360f9b5326b62c76a3f62c0be9f96453e9c7723865d1f2c84e52ea4bc1a8 manual_analysis/example/analysis.yaml
ec1724013ea021f46bcf3eb184d93fab47b74ab1446e2e15dfc178a830570a88 manual_analysis/example/context_a.txt
7690a66a165c1f10c0729b5481d563ac3a8ca942057df7799a8cd888ce0391d8 manual_analysis/example/context_b.txt
8e4d7745c7a15452fc98ebd7acb597335d7bb4fcad3db2a14a7d2d18a15f29f7 manual_analysis/example/ma_cc_dep.cc
aa5ae5a596e147718eb7eeba9d81426780980a48011f8e553fa2eba85cf7ae37 manual_analysis/example/ma_cc_dep.h
7df67f6d31a1d6f098d2a96c4efbc9e51aaf26033a04647a2005192f221098b2 manual_analysis/example/ma_cc_root.cc
d310efb87338e63ce881d486b1e61e425328cb67fcd41782fad895816f103fff manual_analysis/example/ma_cc_root.h
c76b12f10e7382f6f00b2e707f63bbf67e8b6a239dc44e1303eb3141981c743c manual_analysis/example/results.json
