bc93459f8993f1ee5b90ff6a8d2b30ed643d36caf97bba2665a02b2a7b902e12 @@//manual_analysis/example:ma_cc_dep
aed662b19c8f01b05b881f64b79965bd2327cd62432177845b30412479332695 @@//manual_analysis/example:ma_cc_root
d960c991db803c82bdb26a566570d2364e609a1dcd9b1875ae38396589656ab6 manual_analysis/example/analysis.yaml
ec1724013ea021f46bcf3eb184d93fab47b74ab1446e2e15dfc178a830570a88 manual_analysis/example/context_a.txt
7690a66a165c1f10c0729b5481d563ac3a8ca942057df7799a8cd888ce0391d8 manual_analysis/example/context_b.txt
bddd95abb05c703cdaf26ac80f839e28f8be2c6c08773233d07ae0999f969d46 manual_analysis/example/ma_cc_dep.cc
e0dd58f4a7e00e05f6046ffdf0b58ca3e7b53d8ad1e12683be1d307772549332 manual_analysis/example/ma_cc_dep.h
48f0be2d5c7d6479dc371ba629ed5e4bf4aa495bafa6d2ce0ceb9f28d183d57b manual_analysis/example/ma_cc_root.cc
8bdb257ac2e8ee6a46f60f5a74403dffe7e4f80de2ff3c683225a3da2d4288ee manual_analysis/example/ma_cc_root.h
e78b9e11132cf19e87ba5e133725ad7203e95ddd4a9958f092db7104ed1480c0 manual_analysis/example/results.json
