{
  "lockFileVersion": 18,
  "registryFileHashes": {
    "https://bcr.bazel.build/modules/boost.assert/1.87.0/MODULE.bazel": "8a950da6e19dd6d6427b95b1cfe1d2fc86eb598f6fb753345d925eb92d74a821",
    "https://bcr.bazel.build/modules/boost.assert/1.87.0/source.json": "085a7c247d90bb4f8f5c3cc7eec1994f3d46d2a26af1947c85ff6f8ddd86ce59",
    "https://bcr.bazel.build/modules/boost.config/1.87.0/MODULE.bazel": "01da6517cb341d5abea9be54337bf85ba50132b3690a621f09be5890ecd12796",
    "https://bcr.bazel.build/modules/boost.config/1.87.0/source.json": "9a00cd7c9afd6f58b349a806791c7aab040b1cd1a35464e59b79be724261a5ae",
    "https://bcr.bazel.build/modules/boost.core/1.87.0/MODULE.bazel": "33517eb46bb16f4b4f4a1bde61fe8b2475f45b5574bcd9f04c85f4bf3afe30d2",
    "https://bcr.bazel.build/modules/boost.core/1.87.0/source.json": "9e2920b45c833a6a2cd42b16e17a5b97201bb73698a3902936cc90c1aa3de667",
    "https://bcr.bazel.build/modules/boost.describe/1.87.0/MODULE.bazel": "638752de4ad46348a7e3ac72910b699fde5a3c71d42fc69047d2aa8825411646",
    "https://bcr.bazel.build/modules/boost.describe/1.87.0/source.json": "c260a5c38806ea88ce50b2d070484ae634941d2be7a1ddb0f959923ca8ef10d4",
    "https://bcr.bazel.build/modules/boost.mp11/1.87.0/MODULE.bazel": "af9644d2b668f3e014ac335a8a84ac74d9cb263454cd07cd5b84ce206f5dd81f",
    "https://bcr.bazel.build/modules/boost.mp11/1.87.0/source.json": "fb17f9453d8e62a6425efccc3a827f29ddb4577aaffee68393c86bd21e517187",
    "https://bcr.bazel.build/modules/boost.preprocessor/1.87.0/MODULE.bazel": "fdbcce15c585de47e4a5e9f6e2b9aa87f690a87e205eded400c5590f7e64535a",
    "https://bcr.bazel.build/modules/boost.preprocessor/1.87.0/source.json": "ef9b9006890126f5880bb51ccbe8a97a95baf21606e2f30acdb1c30c0dd79758",
    "https://bcr.bazel.build/modules/boost.static_assert/1.87.0/MODULE.bazel": "06e7170d6e4ec08d6a4a83d1f0bce3f7fdacd89e4dcaa93d508f971e4e363d4f",
    "https://bcr.bazel.build/modules/boost.static_assert/1.87.0/source.json": "d5b3f81fba6382b83885ff2dfaef07a5788323ed82d472d2fd629fcbba04ec7a",
    "https://bcr.bazel.build/modules/boost.type_traits/1.87.0/MODULE.bazel": "8d2d44e992e85a59b6bd13b145ae27736d932a29e5aec743a0cfd014af5aee27",
    "https://bcr.bazel.build/modules/boost.type_traits/1.87.0/source.json": "fd7434b8e36d19a1c8e9349e041ceaf19d0b98e90b6d4c7b86249735907cea34",
    "https://bcr.bazel.build/modules/nlohmann_json/3.11.3/MODULE.bazel": "87023db2f55fc3a9949c7b08dc711fae4d4be339a80a99d04453c4bb3998eefc",
    "https://bcr.bazel.build/modules/nlohmann_json/3.12.0/MODULE.bazel": "21f19a4479e994c1546cf6f10c65d2fa464cd95f49eebad98dc5bac49c801dab",
    "https://bcr.bazel.build/modules/nlohmann_json/3.12.0/source.json": "6bf17b358c467effad70c02ab43e2d65939d740f667157397f583435909cfae1",
    "https://bcr.bazel.build/modules/nlohmann_json/3.6.1/MODULE.bazel": "6f7b417dcc794d9add9e556673ad25cb3ba835224290f4f848f8e2db1e1fca74",
    "https://bcr.bazel.build/modules/rules_rust/0.45.1/MODULE.bazel": "a69d0db3a958fab2c6520961e1b2287afcc8b36690fd31bbc4f6f7391397150d",
    "https://bcr.bazel.build/modules/rules_rust/0.51.0/MODULE.bazel": "2b6d1617ac8503bfdcc0e4520c20539d4bba3a691100bee01afe193ceb0310f9",
    "https://bcr.bazel.build/modules/rules_rust/0.61.0/MODULE.bazel": "0318a95777b9114c8740f34b60d6d68f9cfef61e2f4b52424ca626213d33787b",
    "https://bcr.bazel.build/modules/rules_rust/0.67.0/MODULE.bazel": "87c3816c4321352dcfd9e9e26b58e84efc5b21351ae3ef8fb5d0d57bde7237f5",
    "https://bcr.bazel.build/modules/rules_rust/0.67.0/source.json": "a8ef4d3be30eb98e060cad9e5875a55b603195487f76e01b619b51a1df4641cc",
    "https://raw.githubusercontent.com/eclipse-score/bazel_registry/main/modules/boost.assert/1.87.0/MODULE.bazel": "not found",
    "https://raw.githubusercontent.com/eclipse-score/bazel_registry/main/modules/boost.config/1.87.0/MODULE.bazel": "not found",
    "https://raw.githubusercontent.com/eclipse-score/bazel_registry/main/modules/boost.core/1.87.0/MODULE.bazel": "not found",
    "https://raw.githubusercontent.com/eclipse-score/bazel_registry/main/modules/boost.describe/1.87.0/MODULE.bazel": "not found",
    "https://raw.githubusercontent.com/eclipse-score/bazel_registry/main/modules/boost.mp11/1.87.0/MODULE.bazel": "not found",
    "https://raw.githubusercontent.com/eclipse-score/bazel_registry/main/modules/boost.preprocessor/1.87.0/MODULE.bazel": "not found",
    "https://raw.githubusercontent.com/eclipse-score/bazel_registry/main/modules/boost.static_assert/1.87.0/MODULE.bazel": "not found",
    "https://raw.githubusercontent.com/eclipse-score/bazel_registry/main/modules/boost.type_traits/1.87.0/MODULE.bazel": "not found",
    "https://raw.githubusercontent.com/eclipse-score/bazel_registry/main/modules/nlohmann_json/3.11.3/MODULE.bazel": "not found",
    "https://raw.githubusercontent.com/eclipse-score/bazel_registry/main/modules/nlohmann_json/3.12.0/MODULE.bazel": "not found",
    "https://raw.githubusercontent.com/eclipse-score/bazel_registry/main/modules/nlohmann_json/3.6.1/MODULE.bazel": "not found",
    "https://raw.githubusercontent.com/eclipse-score/bazel_registry/main/modules/rules_rust/0.45.1/MODULE.bazel": "not found",
    "https://raw.githubusercontent.com/eclipse-score/bazel_registry/main/modules/rules_rust/0.51.0/MODULE.bazel": "not found",
    "https://raw.githubusercontent.com/eclipse-score/bazel_registry/main/modules/rules_rust/0.61.0/MODULE.bazel": "not found",
    "https://raw.githubusercontent.com/eclipse-score/bazel_registry/main/modules/rules_rust/0.67.0/MODULE.bazel": "not found"
  },
  "selectedYankedVersions": {},
  "moduleExtensions": {}
}